
Microsoft Visual Studio Solution File, Format Version 12.00
# Visual Studio 2012
Project("{E24C65DC-7377-472B-9ABA-BC803B73C61A}") = "work", ".", "{0865D6A6-CE65-4ABA-9BA2-0A9F4C550EF3}"
	ProjectSection(WebsiteProperties) = preProject
		TargetFrameworkMoniker = ".NETFramework,Version%3Dv4.5"
		Debug.AspNetCompiler.VirtualPath = "/work"
		Debug.AspNetCompiler.PhysicalPath = "F:\qq接收文件\work\"
		Debug.AspNetCompiler.TargetPath = "PrecompiledWeb\work\"
		Debug.AspNetCompiler.Updateable = "true"
		Debug.AspNetCompiler.ForceOverwrite = "true"
		Debug.AspNetCompiler.FixedNames = "false"
		Debug.AspNetCompiler.Debug = "True"
		Release.AspNetCompiler.VirtualPath = "/work"
		Release.AspNetCompiler.PhysicalPath = "F:\qq接收文件\work\"
		Release.AspNetCompiler.TargetPath = "PrecompiledWeb\work\"
		Release.AspNetCompiler.Updateable = "true"
		Release.AspNetCompiler.ForceOverwrite = "true"
		Release.AspNetCompiler.FixedNames = "false"
		Release.AspNetCompiler.Debug = "False"
		VWDPort = "5579"
	EndProjectSection
EndProject
Global
	GlobalSection(SolutionConfigurationPlatforms) = preSolution
		Debug|Any CPU = Debug|Any CPU
	EndGlobalSection
	GlobalSection(ProjectConfigurationPlatforms) = postSolution
		{0865D6A6-CE65-4ABA-9BA2-0A9F4C550EF3}.Debug|Any CPU.ActiveCfg = Debug|Any CPU
		{0865D6A6-CE65-4ABA-9BA2-0A9F4C550EF3}.Debug|Any CPU.Build.0 = Debug|Any CPU
	EndGlobalSection
	GlobalSection(SolutionProperties) = preSolution
		HideSolutionNode = FALSE
	EndGlobalSection
EndGlobal
